
Microsoft Visual Studio Solution File, Format Version 12.00
# Visual Studio Version 16
VisualStudioVersion = 16.0.30523.141
MinimumVisualStudioVersion = 10.0.40219.1
Project("{FAE04EC0-301F-11D3-BF4B-00C04F79EFBC}") = "UserInterface", "UserInterface\UserInterface.csproj", "{95DD19D4-9AEB-45AE-8AAF-6FCA924E9902}"
EndProject
Project("{FAE04EC0-301F-11D3-BF4B-00C04F79EFBC}") = "BaseModels", "BaseModels\BaseModels.csproj", "{943F7AC3-AAB3-42F6-B2CC-41DE849A0E65}"
EndProject
Project("{FAE04EC0-301F-11D3-BF4B-00C04F79EFBC}") = "Services", "Services\Services.csproj", "{CF042EF4-6FA8-4D24-942D-DC6ADD966E0B}"
EndProject
Project("{FAE04EC0-301F-11D3-BF4B-00C04F79EFBC}") = "StockAnalyzer", "StockAnalyzer\StockAnalyzer.csproj", "{AB3D1286-763F-453C-AE96-E7292CC1A914}"
EndProject
Project("{FAE04EC0-301F-11D3-BF4B-00C04F79EFBC}") = "MvvmWpfFramework", "MvvmWpfFramework\MvvmWpfFramework.csproj", "{48469DE9-A534-464D-920A-1DCC680A97E6}"
EndProject
Global
	GlobalSection(SolutionConfigurationPlatforms) = preSolution
		Debug|Any CPU = Debug|Any CPU
		Release|Any CPU = Release|Any CPU
	EndGlobalSection
	GlobalSection(ProjectConfigurationPlatforms) = postSolution
		{95DD19D4-9AEB-45AE-8AAF-6FCA924E9902}.Debug|Any CPU.ActiveCfg = Debug|Any CPU
		{95DD19D4-9AEB-45AE-8AAF-6FCA924E9902}.Debug|Any CPU.Build.0 = Debug|Any CPU
		{95DD19D4-9AEB-45AE-8AAF-6FCA924E9902}.Release|Any CPU.ActiveCfg = Release|Any CPU
		{95DD19D4-9AEB-45AE-8AAF-6FCA924E9902}.Release|Any CPU.Build.0 = Release|Any CPU
		{943F7AC3-AAB3-42F6-B2CC-41DE849A0E65}.Debug|Any CPU.ActiveCfg = Debug|Any CPU
		{943F7AC3-AAB3-42F6-B2CC-41DE849A0E65}.Debug|Any CPU.Build.0 = Debug|Any CPU
		{943F7AC3-AAB3-42F6-B2CC-41DE849A0E65}.Release|Any CPU.ActiveCfg = Release|Any CPU
		{943F7AC3-AAB3-42F6-B2CC-41DE849A0E65}.Release|Any CPU.Build.0 = Release|Any CPU
		{CF042EF4-6FA8-4D24-942D-DC6ADD966E0B}.Debug|Any CPU.ActiveCfg = Debug|Any CPU
		{CF042EF4-6FA8-4D24-942D-DC6ADD966E0B}.Debug|Any CPU.Build.0 = Debug|Any CPU
		{CF042EF4-6FA8-4D24-942D-DC6ADD966E0B}.Release|Any CPU.ActiveCfg = Release|Any CPU
		{CF042EF4-6FA8-4D24-942D-DC6ADD966E0B}.Release|Any CPU.Build.0 = Release|Any CPU
		{AB3D1286-763F-453C-AE96-E7292CC1A914}.Debug|Any CPU.ActiveCfg = Debug|Any CPU
		{AB3D1286-763F-453C-AE96-E7292CC1A914}.Debug|Any CPU.Build.0 = Debug|Any CPU
		{AB3D1286-763F-453C-AE96-E7292CC1A914}.Release|Any CPU.ActiveCfg = Release|Any CPU
		{AB3D1286-763F-453C-AE96-E7292CC1A914}.Release|Any CPU.Build.0 = Release|Any CPU
		{48469DE9-A534-464D-920A-1DCC680A97E6}.Debug|Any CPU.ActiveCfg = Debug|Any CPU
		{48469DE9-A534-464D-920A-1DCC680A97E6}.Debug|Any CPU.Build.0 = Debug|Any CPU
		{48469DE9-A534-464D-920A-1DCC680A97E6}.Release|Any CPU.ActiveCfg = Release|Any CPU
		{48469DE9-A534-464D-920A-1DCC680A97E6}.Release|Any CPU.Build.0 = Release|Any CPU
	EndGlobalSection
	GlobalSection(SolutionProperties) = preSolution
		HideSolutionNode = FALSE
	EndGlobalSection
	GlobalSection(ExtensibilityGlobals) = postSolution
		SolutionGuid = {CFC6A3CD-4365-466F-A2F1-06F973D56376}
	EndGlobalSection
EndGlobal
